
Microsoft Visual Studio Solution File, Format Version 12.00
# Visual Studio Version 17
VisualStudioVersion = 17.13.35931.197 d17.13
MinimumVisualStudioVersion = 10.0.40219.1
Project("{FAE04EC0-301F-11D3-BF4B-00C04F79EFBC}") = "VideoGameApi", "VideoGameApi.csproj", "{DDCDF29A-801A-4706-AC0F-942021F118DA}"
EndProject
Global
	GlobalSection(SolutionConfigurationPlatforms) = preSolution
		Debug|Any CPU = Debug|Any CPU
		Release|Any CPU = Release|Any CPU
	EndGlobalSection
	GlobalSection(ProjectConfigurationPlatforms) = postSolution
		{DDCDF29A-801A-4706-AC0F-942021F118DA}.Debug|Any CPU.ActiveCfg = Debug|Any CPU
		{DDCDF29A-801A-4706-AC0F-942021F118DA}.Debug|Any CPU.Build.0 = Debug|Any CPU
		{DDCDF29A-801A-4706-AC0F-942021F118DA}.Release|Any CPU.ActiveCfg = Release|Any CPU
		{DDCDF29A-801A-4706-AC0F-942021F118DA}.Release|Any CPU.Build.0 = Release|Any CPU
	EndGlobalSection
	GlobalSection(SolutionProperties) = preSolution
		HideSolutionNode = FALSE
	EndGlobalSection
	GlobalSection(ExtensibilityGlobals) = postSolution
		SolutionGuid = {74F0823E-DC02-473F-BECF-B1C11808B2EE}
	EndGlobalSection
EndGlobal
